// !$*UTF8*$!
{
	archiveVersion = 1;
	classes = {
	};
	objectVersion = 55;
	objects = {

/* Begin PBXBuildFile section */
		F8DD9902276980EC00B7E72B /* AppDelegate.swift in Sources */ = {isa = PBXBuildFile; fileRef = F8DD9901276980EC00B7E72B /* AppDelegate.swift */; };
		F8DD9904276980EC00B7E72B /* SceneDelegate.swift in Sources */ = {isa = PBXBuildFile; fileRef = F8DD9903276980EC00B7E72B /* SceneDelegate.swift */; };
		F8DD9906276980EC00B7E72B /* ViewController.swift in Sources */ = {isa = PBXBuildFile; fileRef = F8DD9905276980EC00B7E72B /* ViewController.swift */; };
		F8DD9909276980EC00B7E72B /* Main.storyboard in Resources */ = {isa = PBXBuildFile; fileRef = F8DD9907276980EC00B7E72B /* Main.storyboard */; };
		F8DD990B276980ED00B7E72B /* Assets.xcassets in Resources */ = {isa = PBXBuildFile; fileRef = F8DD990A276980ED00B7E72B /* Assets.xcassets */; };
		F8DD990E276980ED00B7E72B /* LaunchScreen.storyboard in Resources */ = {isa = PBXBuildFile; fileRef = F8DD990C276980ED00B7E72B /* LaunchScreen.storyboard */; };
		F8DD99172769911B00B7E72B /* Alamofire in Frameworks */ = {isa = PBXBuildFile; productRef = F8DD99162769911B00B7E72B /* Alamofire */; };
		F8DD99192769913A00B7E72B /* APIFunctions.swift in Sources */ = {isa = PBXBuildFile; fileRef = F8DD99182769913A00B7E72B /* APIFunctions.swift */; };
		F8DD991B27699C8E00B7E72B /* AddLogViewController.swift in Sources */ = {isa = PBXBuildFile; fileRef = F8DD991A27699C8E00B7E72B /* AddLogViewController.swift */; };
/* End PBXBuildFile section */

/* Begin PBXFileReference section */
		F8DD98FE276980EC00B7E72B /* avy-log.app */ = {isa = PBXFileReference; explicitFileType = wrapper.application; includeInIndex = 0; path = "avy-log.app"; sourceTree = BUILT_PRODUCTS_DIR; };
		F8DD9901276980EC00B7E72B /* AppDelegate.swift */ = {isa = PBXFileReference; lastKnownFileType = sourcecode.swift; path = AppDelegate.swift; sourceTree = "<group>"; };
		F8DD9903276980EC00B7E72B /* SceneDelegate.swift */ = {isa = PBXFileReference; lastKnownFileType = sourcecode.swift; path = SceneDelegate.swift; sourceTree = "<group>"; };
		F8DD9905276980EC00B7E72B /* ViewController.swift */ = {isa = PBXFileReference; lastKnownFileType = sourcecode.swift; path = ViewController.swift; sourceTree = "<group>"; };
		F8DD9908276980EC00B7E72B /* Base */ = {isa = PBXFileReference; lastKnownFileType = file.storyboard; name = Base; path = Base.lproj/Main.storyboard; sourceTree = "<group>"; };
		F8DD990A276980ED00B7E72B /* Assets.xcassets */ = {isa = PBXFileReference; lastKnownFileType = folder.assetcatalog; path = Assets.xcassets; sourceTree = "<group>"; };
		F8DD990D276980ED00B7E72B /* Base */ = {isa = PBXFileReference; lastKnownFileType = file.storyboard; name = Base; path = Base.lproj/LaunchScreen.storyboard; sourceTree = "<group>"; };
		F8DD990F276980EE00B7E72B /* Info.plist */ = {isa = PBXFileReference; lastKnownFileType = text.plist.xml; path = Info.plist; sourceTree = "<group>"; };
		F8DD99182769913A00B7E72B /* APIFunctions.swift */ = {isa = PBXFileReference; lastKnownFileType = sourcecode.swift; path = APIFunctions.swift; sourceTree = "<group>"; };
		F8DD991A27699C8E00B7E72B /* AddLogViewController.swift */ = {isa = PBXFileReference; lastKnownFileType = sourcecode.swift; path = AddLogViewController.swift; sourceTree = "<group>"; };
/* End PBXFileReference section */

/* Begin PBXFrameworksBuildPhase section */
		F8DD98FB276980EC00B7E72B /* Frameworks */ = {
			isa = PBXFrameworksBuildPhase;
			buildActionMask = 2147483647;
			files = (
				F8DD99172769911B00B7E72B /* Alamofire in Frameworks */,
			);
			runOnlyForDeploymentPostprocessing = 0;
		};
/* End PBXFrameworksBuildPhase section */

/* Begin PBXGroup section */
		F8DD98F5276980EC00B7E72B = {
			isa = PBXGroup;
			children = (
				F8DD9900276980EC00B7E72B /* avy-log */,
				F8DD98FF276980EC00B7E72B /* Products */,
			);
			sourceTree = "<group>";
		};
		F8DD98FF276980EC00B7E72B /* Products */ = {
			isa = PBXGroup;
			children = (
				F8DD98FE276980EC00B7E72B /* avy-log.app */,
			);
			name = Products;
			sourceTree = "<group>";
		};
		F8DD9900276980EC00B7E72B /* avy-log */ = {
			isa = PBXGroup;
			children = (
				F8DD9901276980EC00B7E72B /* AppDelegate.swift */,
				F8DD9903276980EC00B7E72B /* SceneDelegate.swift */,
				F8DD9905276980EC00B7E72B /* ViewController.swift */,
				F8DD9907276980EC00B7E72B /* Main.storyboard */,
				F8DD990A276980ED00B7E72B /* Assets.xcassets */,
				F8DD990C276980ED00B7E72B /* LaunchScreen.storyboard */,
				F8DD990F276980EE00B7E72B /* Info.plist */,
				F8DD99182769913A00B7E72B /* APIFunctions.swift */,
				F8DD991A27699C8E00B7E72B /* AddLogViewController.swift */,
			);
			path = "avy-log";
			sourceTree = "<group>";
		};
/* End PBXGroup section */

/* Begin PBXNativeTarget section */
		F8DD98FD276980EC00B7E72B /* avy-log */ = {
			isa = PBXNativeTarget;
			buildConfigurationList = F8DD9912276980EE00B7E72B /* Build configuration list for PBXNativeTarget "avy-log" */;
			buildPhases = (
				F8DD98FA276980EC00B7E72B /* Sources */,
				F8DD98FB276980EC00B7E72B /* Frameworks */,
				F8DD98FC276980EC00B7E72B /* Resources */,
			);
			buildRules = (
			);
			dependencies = (
			);
			name = "avy-log";
			packageProductDependencies = (
				F8DD99162769911B00B7E72B /* Alamofire */,
			);
			productName = "avy-log";
			productReference = F8DD98FE276980EC00B7E72B /* avy-log.app */;
			productType = "com.apple.product-type.application";
		};
/* End PBXNativeTarget section */

/* Begin PBXProject section */
		F8DD98F6276980EC00B7E72B /* Project object */ = {
			isa = PBXProject;
			attributes = {
				BuildIndependentTargetsInParallel = 1;
				LastSwiftUpdateCheck = 1310;
				LastUpgradeCheck = 1310;
				TargetAttributes = {
					F8DD98FD276980EC00B7E72B = {
						CreatedOnToolsVersion = 13.1;
					};
				};
			};
			buildConfigurationList = F8DD98F9276980EC00B7E72B /* Build configuration list for PBXProject "avy-log" */;
			compatibilityVersion = "Xcode 13.0";
			developmentRegion = en;
			hasScannedForEncodings = 0;
			knownRegions = (
				en,
				Base,
			);
			mainGroup = F8DD98F5276980EC00B7E72B;
			packageReferences = (
				F8DD99152769911B00B7E72B /* XCRemoteSwiftPackageReference "Alamofire" */,
			);
			productRefGroup = F8DD98FF276980EC00B7E72B /* Products */;
			projectDirPath = "";
			projectRoot = "";
			targets = (
				F8DD98FD276980EC00B7E72B /* avy-log */,
			);
		};
/* End PBXProject section */

/* Begin PBXResourcesBuildPhase section */
		F8DD98FC276980EC00B7E72B /* Resources */ = {
			isa = PBXResourcesBuildPhase;
			buildActionMask = 2147483647;
			files = (
				F8DD990E276980ED00B7E72B /* LaunchScreen.storyboard in Resources */,
				F8DD990B276980ED00B7E72B /* Assets.xcassets in Resources */,
				F8DD9909276980EC00B7E72B /* Main.storyboard in Resources */,
			);
			runOnlyForDeploymentPostprocessing = 0;
		};
/* End PBXResourcesBuildPhase section */

/* Begin PBXSourcesBuildPhase section */
		F8DD98FA276980EC00B7E72B /* Sources */ = {
			isa = PBXSourcesBuildPhase;
			buildActionMask = 2147483647;
			files = (
				F8DD99192769913A00B7E72B /* APIFunctions.swift in Sources */,
				F8DD991B27699C8E00B7E72B /* AddLogViewController.swift in Sources */,
				F8DD9906276980EC00B7E72B /* ViewController.swift in Sources */,
				F8DD9902276980EC00B7E72B /* AppDelegate.swift in Sources */,
				F8DD9904276980EC00B7E72B /* SceneDelegate.swift in Sources */,
			);
			runOnlyForDeploymentPostprocessing = 0;
		};
/* End PBXSourcesBuildPhase section */

/* Begin PBXVariantGroup section */
		F8DD9907276980EC00B7E72B /* Main.storyboard */ = {
			isa = PBXVariantGroup;
			children = (
				F8DD9908276980EC00B7E72B /* Base */,
			);
			name = Main.storyboard;
			sourceTree = "<group>";
		};
		F8DD990C276980ED00B7E72B /* LaunchScreen.storyboard */ = {
			isa = PBXVariantGroup;
			children = (
				F8DD990D276980ED00B7E72B /* Base */,
			);
			name = LaunchScreen.storyboard;
			sourceTree = "<group>";
		};
/* End PBXVariantGroup section */

/* Begin XCBuildConfiguration section */
		F8DD9910276980EE00B7E72B /* Debug */ = {
			isa = XCBuildConfiguration;
			buildSettings = {
				ALWAYS_SEARCH_USER_PATHS = NO;
				CLANG_ANALYZER_NONNULL = YES;
				CLANG_ANALYZER_NUMBER_OBJECT_CONVERSION = YES_AGGRESSIVE;
				CLANG_CXX_LANGUAGE_STANDARD = "gnu++17";
				CLANG_CXX_LIBRARY = "libc++";
				CLANG_ENABLE_MODULES = YES;
				CLANG_ENABLE_OBJC_ARC = YES;
				CLANG_ENABLE_OBJC_WEAK = YES;
				CLANG_WARN_BLOCK_CAPTURE_AUTORELEASING = YES;
				CLANG_WARN_BOOL_CONVERSION = YES;
				CLANG_WARN_COMMA = YES;
				CLANG_WARN_CONSTANT_CONVERSION = YES;
				CLANG_WARN_DEPRECATED_OBJC_IMPLEMENTATIONS = YES;
				CLANG_WARN_DIRECT_OBJC_ISA_USAGE = YES_ERROR;
				CLANG_WARN_DOCUMENTATION_COMMENTS = YES;
				CLANG_WARN_EMPTY_BODY = YES;
				CLANG_WARN_ENUM_CONVERSION = YES;
				CLANG_WARN_INFINITE_RECURSION = YES;
				CLANG_WARN_INT_CONVERSION = YES;
				CLANG_WARN_NON_LITERAL_NULL_CONVERSION = YES;
				CLANG_WARN_OBJC_IMPLICIT_RETAIN_SELF = YES;
				CLANG_WARN_OBJC_LITERAL_CONVERSION = YES;
				CLANG_WARN_OBJC_ROOT_CLASS = YES_ERROR;
				CLANG_WARN_QUOTED_INCLUDE_IN_FRAMEWORK_HEADER = YES;
				CLANG_WARN_RANGE_LOOP_ANALYSIS = YES;
				CLANG_WARN_STRICT_PROTOTYPES = YES;
				CLANG_WARN_SUSPICIOUS_MOVE = YES;
				CLANG_WARN_UNGUARDED_AVAILABILITY = YES_AGGRESSIVE;
				CLANG_WARN_UNREACHABLE_CODE = YES;
				CLANG_WARN__DUPLICATE_METHOD_MATCH = YES;
				COPY_PHASE_STRIP = NO;
				DEBUG_INFORMATION_FORMAT = dwarf;
				ENABLE_STRICT_OBJC_MSGSEND = YES;
				ENABLE_TESTABILITY = YES;
				GCC_C_LANGUAGE_STANDARD = gnu11;
				GCC_DYNAMIC_NO_PIC = NO;
				GCC_NO_COMMON_BLOCKS = YES;
				GCC_OPTIMIZATION_LEVEL = 0;
				GCC_PREPROCESSOR_DEFINITIONS = (
					"DEBUG=1",
					"$(inherited)",
				);
				GCC_WARN_64_TO_32_BIT_CONVERSION = YES;
				GCC_WARN_ABOUT_RETURN_TYPE = YES_ERROR;
				GCC_WARN_UNDECLARED_SELECTOR = YES;
				GCC_WARN_UNINITIALIZED_AUTOS = YES_AGGRESSIVE;
				GCC_WARN_UNUSED_FUNCTION = YES;
				GCC_WARN_UNUSED_VARIABLE = YES;
				IPHONEOS_DEPLOYMENT_TARGET = 15.0;
				MTL_ENABLE_DEBUG_INFO = INCLUDE_SOURCE;
				MTL_FAST_MATH = YES;
				ONLY_ACTIVE_ARCH = YES;
				SDKROOT = iphoneos;
				SWIFT_ACTIVE_COMPILATION_CONDITIONS = DEBUG;
				SWIFT_OPTIMIZATION_LEVEL = "-Onone";
			};
			name = Debug;
		};
		F8DD9911276980EE00B7E72B /* Release */ = {
			isa = XCBuildConfiguration;
			buildSettings = {
				ALWAYS_SEARCH_USER_PATHS = NO;
				CLANG_ANALYZER_NONNULL = YES;
				CLANG_ANALYZER_NUMBER_OBJECT_CONVERSION = YES_AGGRESSIVE;
				CLANG_CXX_LANGUAGE_STANDARD = "gnu++17";
				CLANG_CXX_LIBRARY = "libc++";
				CLANG_ENABLE_MODULES = YES;
				CLANG_ENABLE_OBJC_ARC = YES;
				CLANG_ENABLE_OBJC_WEAK = YES;
				CLANG_WARN_BLOCK_CAPTURE_AUTORELEASING = YES;
				CLANG_WARN_BOOL_CONVERSION = YES;
				CLANG_WARN_COMMA = YES;
				CLANG_WARN_CONSTANT_CONVERSION = YES;
				CLANG_WARN_DEPRECATED_OBJC_IMPLEMENTATIONS = YES;
				CLANG_WARN_DIRECT_OBJC_ISA_USAGE = YES_ERROR;
				CLANG_WARN_DOCUMENTATION_COMMENTS = YES;
				CLANG_WARN_EMPTY_BODY = YES;
				CLANG_WARN_ENUM_CONVERSION = YES;
				CLANG_WARN_INFINITE_RECURSION = YES;
				CLANG_WARN_INT_CONVERSION = YES;
				CLANG_WARN_NON_LITERAL_NULL_CONVERSION = YES;
				CLANG_WARN_OBJC_IMPLICIT_RETAIN_SELF = YES;
				CLANG_WARN_OBJC_LITERAL_CONVERSION = YES;
				CLANG_WARN_OBJC_ROOT_CLASS = YES_ERROR;
				CLANG_WARN_QUOTED_INCLUDE_IN_FRAMEWORK_HEADER = YES;
				CLANG_WARN_RANGE_LOOP_ANALYSIS = YES;
				CLANG_WARN_STRICT_PROTOTYPES = YES;
				CLANG_WARN_SUSPICIOUS_MOVE = YES;
				CLANG_WARN_UNGUARDED_AVAILABILITY = YES_AGGRESSIVE;
				CLANG_WARN_UNREACHABLE_CODE = YES;
				CLANG_WARN__DUPLICATE_METHOD_MATCH = YES;
				COPY_PHASE_STRIP = NO;
				DEBUG_INFORMATION_FORMAT = "dwarf-with-dsym";
				ENABLE_NS_ASSERTIONS = NO;
				ENABLE_STRICT_OBJC_MSGSEND = YES;
				GCC_C_LANGUAGE_STANDARD = gnu11;
				GCC_NO_COMMON_BLOCKS = YES;
				GCC_WARN_64_TO_32_BIT_CONVERSION = YES;
				GCC_WARN_ABOUT_RETURN_TYPE = YES_ERROR;
				GCC_WARN_UNDECLARED_SELECTOR = YES;
				GCC_WARN_UNINITIALIZED_AUTOS = YES_AGGRESSIVE;
				GCC_WARN_UNUSED_FUNCTION = YES;
				GCC_WARN_UNUSED_VARIABLE = YES;
				IPHONEOS_DEPLOYMENT_TARGET = 15.0;
				MTL_ENABLE_DEBUG_INFO = NO;
				MTL_FAST_MATH = YES;
				SDKROOT = iphoneos;
				SWIFT_COMPILATION_MODE = wholemodule;
				SWIFT_OPTIMIZATION_LEVEL = "-O";
				VALIDATE_PRODUCT = YES;
			};
			name = Release;
		};
		F8DD9913276980EE00B7E72B /* Debug */ = {
			isa = XCBuildConfiguration;
			buildSettings = {
				ASSETCATALOG_COMPILER_APPICON_NAME = AppIcon;
				ASSETCATALOG_COMPILER_GLOBAL_ACCENT_COLOR_NAME = AccentColor;
				CODE_SIGN_STYLE = Automatic;
				CURRENT_PROJECT_VERSION = 1;
				DEVELOPMENT_TEAM = PX79965Z33;
				GENERATE_INFOPLIST_FILE = YES;
				INFOPLIST_FILE = "avy-log/Info.plist";
				INFOPLIST_KEY_UIApplicationSupportsIndirectInputEvents = YES;
				INFOPLIST_KEY_UILaunchStoryboardName = LaunchScreen;
				INFOPLIST_KEY_UIMainStoryboardFile = Main;
				INFOPLIST_KEY_UISupportedInterfaceOrientations_iPad = "UIInterfaceOrientationPortrait UIInterfaceOrientationPortraitUpsideDown UIInterfaceOrientationLandscapeLeft UIInterfaceOrientationLandscapeRight";
				INFOPLIST_KEY_UISupportedInterfaceOrientations_iPhone = "UIInterfaceOrientationPortrait UIInterfaceOrientationLandscapeLeft UIInterfaceOrientationLandscapeRight";
				LD_RUNPATH_SEARCH_PATHS = (
					"$(inherited)",
					"@executable_path/Frameworks",
				);
				MARKETING_VERSION = 1.0;
				PRODUCT_BUNDLE_IDENTIFIER = "com.src.avy-log";
				PRODUCT_NAME = "$(TARGET_NAME)";
				SWIFT_EMIT_LOC_STRINGS = YES;
				SWIFT_VERSION = 5.0;
				TARGETED_DEVICE_FAMILY = "1,2";
			};
			name = Debug;
		};
		F8DD9914276980EE00B7E72B /* Release */ = {
			isa = XCBuildConfiguration;
			buildSettings = {
				ASSETCATALOG_COMPILER_APPICON_NAME = AppIcon;
				ASSETCATALOG_COMPILER_GLOBAL_ACCENT_COLOR_NAME = AccentColor;
				CODE_SIGN_STYLE = Automatic;
				CURRENT_PROJECT_VERSION = 1;
				DEVELOPMENT_TEAM = PX79965Z33;
				GENERATE_INFOPLIST_FILE = YES;
				INFOPLIST_FILE = "avy-log/Info.plist";
				INFOPLIST_KEY_UIApplicationSupportsIndirectInputEvents = YES;
				INFOPLIST_KEY_UILaunchStoryboardName = LaunchScreen;
				INFOPLIST_KEY_UIMainStoryboardFile = Main;
				INFOPLIST_KEY_UISupportedInterfaceOrientations_iPad = "UIInterfaceOrientationPortrait UIInterfaceOrientationPortraitUpsideDown UIInterfaceOrientationLandscapeLeft UIInterfaceOrientationLandscapeRight";
				INFOPLIST_KEY_UISupportedInterfaceOrientations_iPhone = "UIInterfaceOrientationPortrait UIInterfaceOrientationLandscapeLeft UIInterfaceOrientationLandscapeRight";
				LD_RUNPATH_SEARCH_PATHS = (
					"$(inherited)",
					"@executable_path/Frameworks",
				);
				MARKETING_VERSION = 1.0;
				PRODUCT_BUNDLE_IDENTIFIER = "com.src.avy-log";
				PRODUCT_NAME = "$(TARGET_NAME)";
				SWIFT_EMIT_LOC_STRINGS = YES;
				SWIFT_VERSION = 5.0;
				TARGETED_DEVICE_FAMILY = "1,2";
			};
			name = Release;
		};
/* End XCBuildConfiguration section */

/* Begin XCConfigurationList section */
		F8DD98F9276980EC00B7E72B /* Build configuration list for PBXProject "avy-log" */ = {
			isa = XCConfigurationList;
			buildConfigurations = (
				F8DD9910276980EE00B7E72B /* Debug */,
				F8DD9911276980EE00B7E72B /* Release */,
			);
			defaultConfigurationIsVisible = 0;
			defaultConfigurationName = Release;
		};
		F8DD9912276980EE00B7E72B /* Build configuration list for PBXNativeTarget "avy-log" */ = {
			isa = XCConfigurationList;
			buildConfigurations = (
				F8DD9913276980EE00B7E72B /* Debug */,
				F8DD9914276980EE00B7E72B /* Release */,
			);
			defaultConfigurationIsVisible = 0;
			defaultConfigurationName = Release;
		};
/* End XCConfigurationList section */

/* Begin XCRemoteSwiftPackageReference section */
		F8DD99152769911B00B7E72B /* XCRemoteSwiftPackageReference "Alamofire" */ = {
			isa = XCRemoteSwiftPackageReference;
			repositoryURL = "https://github.com/Alamofire/Alamofire";
			requirement = {
				kind = upToNextMajorVersion;
				minimumVersion = 5.0.0;
			};
		};
/* End XCRemoteSwiftPackageReference section */

/* Begin XCSwiftPackageProductDependency section */
		F8DD99162769911B00B7E72B /* Alamofire */ = {
			isa = XCSwiftPackageProductDependency;
			package = F8DD99152769911B00B7E72B /* XCRemoteSwiftPackageReference "Alamofire" */;
			productName = Alamofire;
		};
/* End XCSwiftPackageProductDependency section */
	};
	rootObject = F8DD98F6276980EC00B7E72B /* Project object */;
}
